# THIS IS AN AUTOGENERATED FILE. DO NOT EDIT THIS FILE DIRECTLY.
# yarn lockfile v1


"@contentful/axios@^0.18.0":
  version "0.18.0"
  resolved "https://registry.yarnpkg.com/@contentful/axios/-/axios-0.18.0.tgz#576e0e6047411a66971e82d40688a8c795e62f27"
  dependencies:
    follow-redirects "^1.2.5"
    is-buffer "^1.1.5"

apr-main@^4.0.3:
  version "4.0.3"
  resolved "https://registry.yarnpkg.com/apr-main/-/apr-main-4.0.3.tgz#a069262ab87110ccadb61c0252754d2a1c01503a"
  dependencies:
    is-promise "^2.1.0"

apr@^2.0.2:
  version "2.0.2"
  resolved "https://registry.yarnpkg.com/apr/-/apr-2.0.2.tgz#22b897bb81c5fa96a3b1475c15406f87fdec3c30"

contentful-management@^5.1.4:
  version "5.1.4"
  resolved "https://registry.yarnpkg.com/contentful-management/-/contentful-management-5.1.4.tgz#8b455b0e7ca46f6d9d3bf232d21d82c532686095"
  dependencies:
    "@contentful/axios" "^0.18.0"
    contentful-sdk-core "^6.0.0-beta1"
    lodash "^4.17.10"

contentful-resolve-response@^1.1.4:
  version "1.1.4"
  resolved "https://registry.yarnpkg.com/contentful-resolve-response/-/contentful-resolve-response-1.1.4.tgz#9eb656876eecb2cd00444f0adf26bd91a5ec1992"
  dependencies:
    lodash "^4.17.4"

contentful-sdk-core@^6.0.0-beta0, contentful-sdk-core@^6.0.0-beta1:
  version "6.0.0-beta1"
  resolved "https://registry.yarnpkg.com/contentful-sdk-core/-/contentful-sdk-core-6.0.0-beta1.tgz#4d45c7e90ed71dffcd25448ef9617d73b6e28484"
  dependencies:
    lodash "^4.17.4"
    qs "^6.5.1"

contentful@^6.1.1:
  version "6.1.1"
  resolved "https://registry.yarnpkg.com/contentful/-/contentful-6.1.1.tgz#75fd951257728d9de1b9a2d04b9d268a6d8d1a0d"
  dependencies:
    "@contentful/axios" "^0.18.0"
    contentful-resolve-response "^1.1.4"
    contentful-sdk-core "^6.0.0-beta0"
    json-stringify-safe "^5.0.1"
    lodash "^4.17.5"

debug@^3.1.0:
  version "3.1.0"
  resolved "https://registry.yarnpkg.com/debug/-/debug-3.1.0.tgz#5bb5a0672628b64149566ba16819e61518c67261"
  dependencies:
    ms "2.0.0"

dotenv@^6.0.0:
  version "6.0.0"
  resolved "https://registry.yarnpkg.com/dotenv/-/dotenv-6.0.0.tgz#24e37c041741c5f4b25324958ebbc34bca965935"

follow-redirects@^1.2.5:
  version "1.5.0"
  resolved "https://registry.yarnpkg.com/follow-redirects/-/follow-redirects-1.5.0.tgz#234f49cf770b7f35b40e790f636ceba0c3a0ab77"
  dependencies:
    debug "^3.1.0"

is-buffer@^1.1.5:
  version "1.1.6"
  resolved "https://registry.yarnpkg.com/is-buffer/-/is-buffer-1.1.6.tgz#efaa2ea9daa0d7ab2ea13a97b2b8ad51fefbe8be"

is-promise@^2.1.0:
  version "2.1.0"
  resolved "https://registry.yarnpkg.com/is-promise/-/is-promise-2.1.0.tgz#79a2a9ece7f096e80f36d2b2f3bc16c1ff4bf3fa"

json-stringify-safe@^5.0.1:
  version "5.0.1"
  resolved "https://registry.yarnpkg.com/json-stringify-safe/-/json-stringify-safe-5.0.1.tgz#1296a2d58fd45f19a0f6ce01d65701e2c735b6eb"

lodash@^4.17.10, lodash@^4.17.4, lodash@^4.17.5:
  version "4.17.10"
  resolved "https://registry.yarnpkg.com/lodash/-/lodash-4.17.10.tgz#1b7793cf7259ea38fb3661d4d38b3260af8ae4e7"

ms@2.0.0:
  version "2.0.0"
  resolved "https://registry.yarnpkg.com/ms/-/ms-2.0.0.tgz#5608aeadfc00be6c2901df5f9861788de0d597c8"

qs@^6.5.1:
  version "6.5.2"
  resolved "https://registry.yarnpkg.com/qs/-/qs-6.5.2.tgz#cb3ae806e8740444584ef154ce8ee98d403f3e36"
